
Microsoft Visual Studio Solution File, Format Version 12.00
# Visual Studio Version 17
VisualStudioVersion = 17.13.35931.197
MinimumVisualStudioVersion = 10.0.40219.1
Project("{FAE04EC0-301F-11D3-BF4B-00C04F79EFBC}") = "RepositorioApi", "RepositorioApi.csproj", "{D43C3E1D-47AE-6BB9-EC8C-61C711328676}"
EndProject
Project("{FAE04EC0-301F-11D3-BF4B-00C04F79EFBC}") = "Domain", "..\Domain\Domain.csproj", "{B5C8CBAE-DE02-7B4C-706D-5B7BB03EEA4F}"
EndProject
Project("{FAE04EC0-301F-11D3-BF4B-00C04F79EFBC}") = "Application", "..\Application\Application.csproj", "{DD825D7E-EFE9-4504-8151-8DF49C5D27DB}"
EndProject
Project("{FAE04EC0-301F-11D3-BF4B-00C04F79EFBC}") = "Infrastructure", "..\Infrastructure\Infrastructure.csproj", "{0F6F760F-1D5B-4A27-8214-520B11D198D4}"
EndProject
Project("{FAE04EC0-301F-11D3-BF4B-00C04F79EFBC}") = "RepositorioService.Tests", "..\RepositorioService.Tests\RepositorioService.Tests.csproj", "{7522447C-0D2B-47A1-AEF5-A89F32D52AE6}"
EndProject
Global
	GlobalSection(SolutionConfigurationPlatforms) = preSolution
		Debug|Any CPU = Debug|Any CPU
		Release|Any CPU = Release|Any CPU
	EndGlobalSection
	GlobalSection(ProjectConfigurationPlatforms) = postSolution
		{D43C3E1D-47AE-6BB9-EC8C-61C711328676}.Debug|Any CPU.ActiveCfg = Debug|Any CPU
		{D43C3E1D-47AE-6BB9-EC8C-61C711328676}.Debug|Any CPU.Build.0 = Debug|Any CPU
		{D43C3E1D-47AE-6BB9-EC8C-61C711328676}.Release|Any CPU.ActiveCfg = Release|Any CPU
		{D43C3E1D-47AE-6BB9-EC8C-61C711328676}.Release|Any CPU.Build.0 = Release|Any CPU
		{B5C8CBAE-DE02-7B4C-706D-5B7BB03EEA4F}.Debug|Any CPU.ActiveCfg = Debug|Any CPU
		{B5C8CBAE-DE02-7B4C-706D-5B7BB03EEA4F}.Debug|Any CPU.Build.0 = Debug|Any CPU
		{B5C8CBAE-DE02-7B4C-706D-5B7BB03EEA4F}.Release|Any CPU.ActiveCfg = Release|Any CPU
		{B5C8CBAE-DE02-7B4C-706D-5B7BB03EEA4F}.Release|Any CPU.Build.0 = Release|Any CPU
		{DD825D7E-EFE9-4504-8151-8DF49C5D27DB}.Debug|Any CPU.ActiveCfg = Debug|Any CPU
		{DD825D7E-EFE9-4504-8151-8DF49C5D27DB}.Debug|Any CPU.Build.0 = Debug|Any CPU
		{DD825D7E-EFE9-4504-8151-8DF49C5D27DB}.Release|Any CPU.ActiveCfg = Release|Any CPU
		{DD825D7E-EFE9-4504-8151-8DF49C5D27DB}.Release|Any CPU.Build.0 = Release|Any CPU
		{0F6F760F-1D5B-4A27-8214-520B11D198D4}.Debug|Any CPU.ActiveCfg = Debug|Any CPU
		{0F6F760F-1D5B-4A27-8214-520B11D198D4}.Debug|Any CPU.Build.0 = Debug|Any CPU
		{0F6F760F-1D5B-4A27-8214-520B11D198D4}.Release|Any CPU.ActiveCfg = Release|Any CPU
		{0F6F760F-1D5B-4A27-8214-520B11D198D4}.Release|Any CPU.Build.0 = Release|Any CPU
		{7522447C-0D2B-47A1-AEF5-A89F32D52AE6}.Debug|Any CPU.ActiveCfg = Debug|Any CPU
		{7522447C-0D2B-47A1-AEF5-A89F32D52AE6}.Debug|Any CPU.Build.0 = Debug|Any CPU
		{7522447C-0D2B-47A1-AEF5-A89F32D52AE6}.Release|Any CPU.ActiveCfg = Release|Any CPU
		{7522447C-0D2B-47A1-AEF5-A89F32D52AE6}.Release|Any CPU.Build.0 = Release|Any CPU
	EndGlobalSection
	GlobalSection(SolutionProperties) = preSolution
		HideSolutionNode = FALSE
	EndGlobalSection
	GlobalSection(ExtensibilityGlobals) = postSolution
		SolutionGuid = {8627E7CC-6CCF-45E6-ABDE-F1D17253286F}
	EndGlobalSection
EndGlobal
